
Microsoft Visual Studio Solution File, Format Version 12.00
# Visual Studio Version 17
VisualStudioVersion = 17.11.35303.130
MinimumVisualStudioVersion = 10.0.40219.1
Project("{2150E333-8FDC-42A3-9474-1A3956D46DE8}") = "Task0", "Task0", "{8C4040E3-479D-40F3-AEBF-B99281DD44E8}"
EndProject
Project("{FAE04EC0-301F-11D3-BF4B-00C04F79EFBC}") = "Tyuiu.BorkovNA.Sprint4.Task0.V20.Lib", "Tyuiu.BorkovNA.Sprint4.Task0.V20.Lib\Tyuiu.BorkovNA.Sprint4.Task0.V20.Lib.csproj", "{9AAA5B6A-80E6-4D4E-BF1C-1260B2DA23A0}"
EndProject
Project("{FAE04EC0-301F-11D3-BF4B-00C04F79EFBC}") = "Tyuiu.BorkovNA.Sprint4.Task0.V20.Test", "Tyuiu.BorkovNA.Sprint4.Task0.V20.Test\Tyuiu.BorkovNA.Sprint4.Task0.V20.Test.csproj", "{8E20197C-C858-4552-8589-8E30763220BD}"
EndProject
Project("{FAE04EC0-301F-11D3-BF4B-00C04F79EFBC}") = "Tyuiu.BorkovNA.Sprint4.Task0.V20", "Tyuiu.BorkovNA.Sprint4.Task0.V20\Tyuiu.BorkovNA.Sprint4.Task0.V20.csproj", "{ECDFA037-9751-4836-B19A-5F19E55F141E}"
EndProject
Project("{2150E333-8FDC-42A3-9474-1A3956D46DE8}") = "Task1", "Task1", "{5298074C-EB97-44B1-9F17-2A0F0CB630DD}"
EndProject
Project("{FAE04EC0-301F-11D3-BF4B-00C04F79EFBC}") = "Tyuiu.BorkovNA.Sprint4.Task1.V7.Lib", "Tyuiu.BorkovNA.Sprint4.Task1.V7.Lib\Tyuiu.BorkovNA.Sprint4.Task1.V7.Lib.csproj", "{0F21BC22-7A98-49EA-9084-888AC6919541}"
EndProject
Project("{FAE04EC0-301F-11D3-BF4B-00C04F79EFBC}") = "Tyuiu.BorkovNA.Sprint4.Task1.V7.Test", "Tyuiu.BorkovNA.Sprint4.Task1.V7.Test\Tyuiu.BorkovNA.Sprint4.Task1.V7.Test.csproj", "{0564F7B0-2DC9-4456-B16C-C15CA1C29FE2}"
EndProject
Project("{FAE04EC0-301F-11D3-BF4B-00C04F79EFBC}") = "Tyuiu.BorkovNA.Sprint4.Task1.V7", "Tyuiu.BorkovNA.Sprint4.Task1.V7\Tyuiu.BorkovNA.Sprint4.Task1.V7.csproj", "{CE303DE1-8823-447A-BF38-25F389A46282}"
EndProject
Project("{2150E333-8FDC-42A3-9474-1A3956D46DE8}") = "Task2", "Task2", "{A8E88ED6-0F76-4480-8D40-21C4692F245A}"
EndProject
Project("{FAE04EC0-301F-11D3-BF4B-00C04F79EFBC}") = "Tyuiu.BorkovNA.Sprint4.Task2.V1.Lib", "Tyuiu.BorkovNA.Sprint4.Task2.V1.Lib\Tyuiu.BorkovNA.Sprint4.Task2.V1.Lib.csproj", "{4AC96E92-8242-4470-9862-F9D4E3104536}"
EndProject
Project("{FAE04EC0-301F-11D3-BF4B-00C04F79EFBC}") = "Tyuiu.BorkovNA.Sprint4.Task2.V1.Test", "Tyuiu.BorkovNA.Sprint4.Task2.V1.Test\Tyuiu.BorkovNA.Sprint4.Task2.V1.Test.csproj", "{8230FEF7-C81C-426E-91E7-90BD3438E14F}"
EndProject
Project("{FAE04EC0-301F-11D3-BF4B-00C04F79EFBC}") = "Tyuiu.BorkovNA.Sprint4.Task2.V1", "Tyuiu.BorkovNA.Sprint4.Task2.V1\Tyuiu.BorkovNA.Sprint4.Task2.V1.csproj", "{21AA339D-AC5D-4194-8103-D9B74E034B8A}"
EndProject
Project("{2150E333-8FDC-42A3-9474-1A3956D46DE8}") = "Task3", "Task3", "{3F31B399-7826-4A2E-9569-D0E96B539D17}"
EndProject
Project("{FAE04EC0-301F-11D3-BF4B-00C04F79EFBC}") = "Tyuiu.BorkovNA.Sprint4.Task3.V23.Lib", "Tyuiu.BorkovNA.Sprint4.Task3.V23.Lib\Tyuiu.BorkovNA.Sprint4.Task3.V23.Lib.csproj", "{5E518516-CFBF-4B11-B7C3-E895A2A6CAAC}"
EndProject
Project("{FAE04EC0-301F-11D3-BF4B-00C04F79EFBC}") = "Tyuiu.BorkovNA.Sprint4.Task3.V23.Test", "Tyuiu.BorkovNA.Sprint4.Task3.V23.Test\Tyuiu.BorkovNA.Sprint4.Task3.V23.Test.csproj", "{0E79E9D2-1692-4A14-87E8-F493BAE27EB4}"
EndProject
Project("{FAE04EC0-301F-11D3-BF4B-00C04F79EFBC}") = "Tyuiu.BorkovNA.Sprint4.Task3.V23", "Tyuiu.BorkovNA.Sprint4.Task3.V23\Tyuiu.BorkovNA.Sprint4.Task3.V23.csproj", "{6AB2E429-6E00-4531-8125-E2CB86B720C6}"
EndProject
Project("{2150E333-8FDC-42A3-9474-1A3956D46DE8}") = "Task4", "Task4", "{A43E1DE7-7995-461E-9330-7FA34BB35083}"
EndProject
Project("{FAE04EC0-301F-11D3-BF4B-00C04F79EFBC}") = "Tyuiu.BorkovNA.Sprint4.Task4.V21.Lib", "Tyuiu.BorkovNA.Sprint4.Task4.V21.Lib\Tyuiu.BorkovNA.Sprint4.Task4.V21.Lib.csproj", "{213CB631-9851-4DB6-AB14-28B9EA9A9D5F}"
EndProject
Project("{FAE04EC0-301F-11D3-BF4B-00C04F79EFBC}") = "Tyuiu.BorkovNA.Sprint4.Task4.V21.Test", "Tyuiu.BorkovNA.Sprint4.Task4.V21.Test\Tyuiu.BorkovNA.Sprint4.Task4.V21.Test.csproj", "{8ED8CD23-3DF1-4EB0-9F61-69AFF640DA45}"
EndProject
Project("{FAE04EC0-301F-11D3-BF4B-00C04F79EFBC}") = "Tyuiu.BorkovNA.Sprint4.Task4.V21", "Tyuiu.BorkovNA.Sprint4.Task4.V21\Tyuiu.BorkovNA.Sprint4.Task4.V21.csproj", "{D46D326E-79A4-442A-AD75-03FC744AAA76}"
EndProject
Project("{2150E333-8FDC-42A3-9474-1A3956D46DE8}") = "Task5", "Task5", "{96D7120A-2160-4885-99B5-603FB69326A3}"
EndProject
Project("{FAE04EC0-301F-11D3-BF4B-00C04F79EFBC}") = "Tyuiu.BorkovNA.Sprint4.Task5.V15.Lib", "Tyuiu.BorkovNA.Sprint4.Task5.V15.Lib\Tyuiu.BorkovNA.Sprint4.Task5.V15.Lib.csproj", "{EA99AD94-7E83-4194-8398-1E0E7927B788}"
EndProject
Project("{FAE04EC0-301F-11D3-BF4B-00C04F79EFBC}") = "Tyuiu.BorkovNA.Sprint4.Task5.V15.Test", "Tyuiu.BorkovNA.Sprint4.Task5.V15.Test\Tyuiu.BorkovNA.Sprint4.Task5.V15.Test.csproj", "{56FD9138-7055-43EE-8FF1-24450B103244}"
EndProject
Project("{FAE04EC0-301F-11D3-BF4B-00C04F79EFBC}") = "Tyuiu.BorkovNA.Sprint4.Task5.V15", "Tyuiu.BorkovNA.Sprint4.Task5.V15\Tyuiu.BorkovNA.Sprint4.Task5.V15.csproj", "{A065C2B0-1E94-4A20-8398-82FBE6AA7BDA}"
EndProject
Global
	GlobalSection(SolutionConfigurationPlatforms) = preSolution
		Debug|Any CPU = Debug|Any CPU
		Release|Any CPU = Release|Any CPU
	EndGlobalSection
	GlobalSection(ProjectConfigurationPlatforms) = postSolution
		{9AAA5B6A-80E6-4D4E-BF1C-1260B2DA23A0}.Debug|Any CPU.ActiveCfg = Debug|Any CPU
		{9AAA5B6A-80E6-4D4E-BF1C-1260B2DA23A0}.Debug|Any CPU.Build.0 = Debug|Any CPU
		{9AAA5B6A-80E6-4D4E-BF1C-1260B2DA23A0}.Release|Any CPU.ActiveCfg = Release|Any CPU
		{9AAA5B6A-80E6-4D4E-BF1C-1260B2DA23A0}.Release|Any CPU.Build.0 = Release|Any CPU
		{8E20197C-C858-4552-8589-8E30763220BD}.Debug|Any CPU.ActiveCfg = Debug|Any CPU
		{8E20197C-C858-4552-8589-8E30763220BD}.Debug|Any CPU.Build.0 = Debug|Any CPU
		{8E20197C-C858-4552-8589-8E30763220BD}.Release|Any CPU.ActiveCfg = Release|Any CPU
		{8E20197C-C858-4552-8589-8E30763220BD}.Release|Any CPU.Build.0 = Release|Any CPU
		{ECDFA037-9751-4836-B19A-5F19E55F141E}.Debug|Any CPU.ActiveCfg = Debug|Any CPU
		{ECDFA037-9751-4836-B19A-5F19E55F141E}.Debug|Any CPU.Build.0 = Debug|Any CPU
		{ECDFA037-9751-4836-B19A-5F19E55F141E}.Release|Any CPU.ActiveCfg = Release|Any CPU
		{ECDFA037-9751-4836-B19A-5F19E55F141E}.Release|Any CPU.Build.0 = Release|Any CPU
		{0F21BC22-7A98-49EA-9084-888AC6919541}.Debug|Any CPU.ActiveCfg = Debug|Any CPU
		{0F21BC22-7A98-49EA-9084-888AC6919541}.Debug|Any CPU.Build.0 = Debug|Any CPU
		{0F21BC22-7A98-49EA-9084-888AC6919541}.Release|Any CPU.ActiveCfg = Release|Any CPU
		{0F21BC22-7A98-49EA-9084-888AC6919541}.Release|Any CPU.Build.0 = Release|Any CPU
		{0564F7B0-2DC9-4456-B16C-C15CA1C29FE2}.Debug|Any CPU.ActiveCfg = Debug|Any CPU
		{0564F7B0-2DC9-4456-B16C-C15CA1C29FE2}.Debug|Any CPU.Build.0 = Debug|Any CPU
		{0564F7B0-2DC9-4456-B16C-C15CA1C29FE2}.Release|Any CPU.ActiveCfg = Release|Any CPU
		{0564F7B0-2DC9-4456-B16C-C15CA1C29FE2}.Release|Any CPU.Build.0 = Release|Any CPU
		{CE303DE1-8823-447A-BF38-25F389A46282}.Debug|Any CPU.ActiveCfg = Debug|Any CPU
		{CE303DE1-8823-447A-BF38-25F389A46282}.Debug|Any CPU.Build.0 = Debug|Any CPU
		{CE303DE1-8823-447A-BF38-25F389A46282}.Release|Any CPU.ActiveCfg = Release|Any CPU
		{CE303DE1-8823-447A-BF38-25F389A46282}.Release|Any CPU.Build.0 = Release|Any CPU
		{4AC96E92-8242-4470-9862-F9D4E3104536}.Debug|Any CPU.ActiveCfg = Debug|Any CPU
		{4AC96E92-8242-4470-9862-F9D4E3104536}.Debug|Any CPU.Build.0 = Debug|Any CPU
		{4AC96E92-8242-4470-9862-F9D4E3104536}.Release|Any CPU.ActiveCfg = Release|Any CPU
		{4AC96E92-8242-4470-9862-F9D4E3104536}.Release|Any CPU.Build.0 = Release|Any CPU
		{8230FEF7-C81C-426E-91E7-90BD3438E14F}.Debug|Any CPU.ActiveCfg = Debug|Any CPU
		{8230FEF7-C81C-426E-91E7-90BD3438E14F}.Debug|Any CPU.Build.0 = Debug|Any CPU
		{8230FEF7-C81C-426E-91E7-90BD3438E14F}.Release|Any CPU.ActiveCfg = Release|Any CPU
		{8230FEF7-C81C-426E-91E7-90BD3438E14F}.Release|Any CPU.Build.0 = Release|Any CPU
		{21AA339D-AC5D-4194-8103-D9B74E034B8A}.Debug|Any CPU.ActiveCfg = Debug|Any CPU
		{21AA339D-AC5D-4194-8103-D9B74E034B8A}.Debug|Any CPU.Build.0 = Debug|Any CPU
		{21AA339D-AC5D-4194-8103-D9B74E034B8A}.Release|Any CPU.ActiveCfg = Release|Any CPU
		{21AA339D-AC5D-4194-8103-D9B74E034B8A}.Release|Any CPU.Build.0 = Release|Any CPU
		{5E518516-CFBF-4B11-B7C3-E895A2A6CAAC}.Debug|Any CPU.ActiveCfg = Debug|Any CPU
		{5E518516-CFBF-4B11-B7C3-E895A2A6CAAC}.Debug|Any CPU.Build.0 = Debug|Any CPU
		{5E518516-CFBF-4B11-B7C3-E895A2A6CAAC}.Release|Any CPU.ActiveCfg = Release|Any CPU
		{5E518516-CFBF-4B11-B7C3-E895A2A6CAAC}.Release|Any CPU.Build.0 = Release|Any CPU
		{0E79E9D2-1692-4A14-87E8-F493BAE27EB4}.Debug|Any CPU.ActiveCfg = Debug|Any CPU
		{0E79E9D2-1692-4A14-87E8-F493BAE27EB4}.Debug|Any CPU.Build.0 = Debug|Any CPU
		{0E79E9D2-1692-4A14-87E8-F493BAE27EB4}.Release|Any CPU.ActiveCfg = Release|Any CPU
		{0E79E9D2-1692-4A14-87E8-F493BAE27EB4}.Release|Any CPU.Build.0 = Release|Any CPU
		{6AB2E429-6E00-4531-8125-E2CB86B720C6}.Debug|Any CPU.ActiveCfg = Debug|Any CPU
		{6AB2E429-6E00-4531-8125-E2CB86B720C6}.Debug|Any CPU.Build.0 = Debug|Any CPU
		{6AB2E429-6E00-4531-8125-E2CB86B720C6}.Release|Any CPU.ActiveCfg = Release|Any CPU
		{6AB2E429-6E00-4531-8125-E2CB86B720C6}.Release|Any CPU.Build.0 = Release|Any CPU
		{213CB631-9851-4DB6-AB14-28B9EA9A9D5F}.Debug|Any CPU.ActiveCfg = Debug|Any CPU
		{213CB631-9851-4DB6-AB14-28B9EA9A9D5F}.Debug|Any CPU.Build.0 = Debug|Any CPU
		{213CB631-9851-4DB6-AB14-28B9EA9A9D5F}.Release|Any CPU.ActiveCfg = Release|Any CPU
		{213CB631-9851-4DB6-AB14-28B9EA9A9D5F}.Release|Any CPU.Build.0 = Release|Any CPU
		{8ED8CD23-3DF1-4EB0-9F61-69AFF640DA45}.Debug|Any CPU.ActiveCfg = Debug|Any CPU
		{8ED8CD23-3DF1-4EB0-9F61-69AFF640DA45}.Debug|Any CPU.Build.0 = Debug|Any CPU
		{8ED8CD23-3DF1-4EB0-9F61-69AFF640DA45}.Release|Any CPU.ActiveCfg = Release|Any CPU
		{8ED8CD23-3DF1-4EB0-9F61-69AFF640DA45}.Release|Any CPU.Build.0 = Release|Any CPU
		{D46D326E-79A4-442A-AD75-03FC744AAA76}.Debug|Any CPU.ActiveCfg = Debug|Any CPU
		{D46D326E-79A4-442A-AD75-03FC744AAA76}.Debug|Any CPU.Build.0 = Debug|Any CPU
		{D46D326E-79A4-442A-AD75-03FC744AAA76}.Release|Any CPU.ActiveCfg = Release|Any CPU
		{D46D326E-79A4-442A-AD75-03FC744AAA76}.Release|Any CPU.Build.0 = Release|Any CPU
		{EA99AD94-7E83-4194-8398-1E0E7927B788}.Debug|Any CPU.ActiveCfg = Debug|Any CPU
		{EA99AD94-7E83-4194-8398-1E0E7927B788}.Debug|Any CPU.Build.0 = Debug|Any CPU
		{EA99AD94-7E83-4194-8398-1E0E7927B788}.Release|Any CPU.ActiveCfg = Release|Any CPU
		{EA99AD94-7E83-4194-8398-1E0E7927B788}.Release|Any CPU.Build.0 = Release|Any CPU
		{56FD9138-7055-43EE-8FF1-24450B103244}.Debug|Any CPU.ActiveCfg = Debug|Any CPU
		{56FD9138-7055-43EE-8FF1-24450B103244}.Debug|Any CPU.Build.0 = Debug|Any CPU
		{56FD9138-7055-43EE-8FF1-24450B103244}.Release|Any CPU.ActiveCfg = Release|Any CPU
		{56FD9138-7055-43EE-8FF1-24450B103244}.Release|Any CPU.Build.0 = Release|Any CPU
		{A065C2B0-1E94-4A20-8398-82FBE6AA7BDA}.Debug|Any CPU.ActiveCfg = Debug|Any CPU
		{A065C2B0-1E94-4A20-8398-82FBE6AA7BDA}.Debug|Any CPU.Build.0 = Debug|Any CPU
		{A065C2B0-1E94-4A20-8398-82FBE6AA7BDA}.Release|Any CPU.ActiveCfg = Release|Any CPU
		{A065C2B0-1E94-4A20-8398-82FBE6AA7BDA}.Release|Any CPU.Build.0 = Release|Any CPU
	EndGlobalSection
	GlobalSection(SolutionProperties) = preSolution
		HideSolutionNode = FALSE
	EndGlobalSection
	GlobalSection(NestedProjects) = preSolution
		{9AAA5B6A-80E6-4D4E-BF1C-1260B2DA23A0} = {8C4040E3-479D-40F3-AEBF-B99281DD44E8}
		{8E20197C-C858-4552-8589-8E30763220BD} = {8C4040E3-479D-40F3-AEBF-B99281DD44E8}
		{ECDFA037-9751-4836-B19A-5F19E55F141E} = {8C4040E3-479D-40F3-AEBF-B99281DD44E8}
		{0F21BC22-7A98-49EA-9084-888AC6919541} = {5298074C-EB97-44B1-9F17-2A0F0CB630DD}
		{0564F7B0-2DC9-4456-B16C-C15CA1C29FE2} = {5298074C-EB97-44B1-9F17-2A0F0CB630DD}
		{CE303DE1-8823-447A-BF38-25F389A46282} = {5298074C-EB97-44B1-9F17-2A0F0CB630DD}
		{4AC96E92-8242-4470-9862-F9D4E3104536} = {A8E88ED6-0F76-4480-8D40-21C4692F245A}
		{8230FEF7-C81C-426E-91E7-90BD3438E14F} = {A8E88ED6-0F76-4480-8D40-21C4692F245A}
		{21AA339D-AC5D-4194-8103-D9B74E034B8A} = {A8E88ED6-0F76-4480-8D40-21C4692F245A}
		{5E518516-CFBF-4B11-B7C3-E895A2A6CAAC} = {3F31B399-7826-4A2E-9569-D0E96B539D17}
		{0E79E9D2-1692-4A14-87E8-F493BAE27EB4} = {3F31B399-7826-4A2E-9569-D0E96B539D17}
		{6AB2E429-6E00-4531-8125-E2CB86B720C6} = {3F31B399-7826-4A2E-9569-D0E96B539D17}
		{213CB631-9851-4DB6-AB14-28B9EA9A9D5F} = {A43E1DE7-7995-461E-9330-7FA34BB35083}
		{8ED8CD23-3DF1-4EB0-9F61-69AFF640DA45} = {A43E1DE7-7995-461E-9330-7FA34BB35083}
		{D46D326E-79A4-442A-AD75-03FC744AAA76} = {A43E1DE7-7995-461E-9330-7FA34BB35083}
		{EA99AD94-7E83-4194-8398-1E0E7927B788} = {96D7120A-2160-4885-99B5-603FB69326A3}
		{56FD9138-7055-43EE-8FF1-24450B103244} = {96D7120A-2160-4885-99B5-603FB69326A3}
		{A065C2B0-1E94-4A20-8398-82FBE6AA7BDA} = {96D7120A-2160-4885-99B5-603FB69326A3}
	EndGlobalSection
	GlobalSection(ExtensibilityGlobals) = postSolution
		SolutionGuid = {4D72DF1F-BAE3-4335-9F55-1F603934BE80}
	EndGlobalSection
EndGlobal
